
Microsoft Visual Studio Solution File, Format Version 12.00
# Visual Studio Version 16
VisualStudioVersion = 16.0.29728.190
MinimumVisualStudioVersion = 10.0.40219.1
Project("{FAE04EC0-301F-11D3-BF4B-00C04F79EFBC}") = "ConsoleApp1", "ConsoleApp1.csproj", "{B78398F0-E7E9-4C61-87A1-1D747A580702}"
EndProject
Global
	GlobalSection(SolutionConfigurationPlatforms) = preSolution
		Debug|Any CPU = Debug|Any CPU
		Release|Any CPU = Release|Any CPU
	EndGlobalSection
	GlobalSection(ProjectConfigurationPlatforms) = postSolution
		{B78398F0-E7E9-4C61-87A1-1D747A580702}.Debug|Any CPU.ActiveCfg = Debug|Any CPU
		{B78398F0-E7E9-4C61-87A1-1D747A580702}.Debug|Any CPU.Build.0 = Debug|Any CPU
		{B78398F0-E7E9-4C61-87A1-1D747A580702}.Release|Any CPU.ActiveCfg = Release|Any CPU
		{B78398F0-E7E9-4C61-87A1-1D747A580702}.Release|Any CPU.Build.0 = Release|Any CPU
	EndGlobalSection
	GlobalSection(SolutionProperties) = preSolution
		HideSolutionNode = FALSE
	EndGlobalSection
	GlobalSection(ExtensibilityGlobals) = postSolution
		SolutionGuid = {91FEDB5A-1EFA-44A5-B8FF-0351F3AE8C4E}
	EndGlobalSection
EndGlobal
